
Microsoft Visual Studio Solution File, Format Version 12.00
# Visual Studio Version 17
VisualStudioVersion = 17.3.32929.385
MinimumVisualStudioVersion = 10.0.40219.1
Project("{FAE04EC0-301F-11D3-BF4B-00C04F79EFBC}") = "SolbergaPilkasttävling", "SolbergaPilkasttävling\SolbergaPilkasttävling.csproj", "{F85068D8-3503-439E-88A6-A88B69955CFA}"
EndProject
Global
	GlobalSection(SolutionConfigurationPlatforms) = preSolution
		Debug|Any CPU = Debug|Any CPU
		Release|Any CPU = Release|Any CPU
	EndGlobalSection
	GlobalSection(ProjectConfigurationPlatforms) = postSolution
		{F85068D8-3503-439E-88A6-A88B69955CFA}.Debug|Any CPU.ActiveCfg = Debug|Any CPU
		{F85068D8-3503-439E-88A6-A88B69955CFA}.Debug|Any CPU.Build.0 = Debug|Any CPU
		{F85068D8-3503-439E-88A6-A88B69955CFA}.Release|Any CPU.ActiveCfg = Release|Any CPU
		{F85068D8-3503-439E-88A6-A88B69955CFA}.Release|Any CPU.Build.0 = Release|Any CPU
	EndGlobalSection
	GlobalSection(SolutionProperties) = preSolution
		HideSolutionNode = FALSE
	EndGlobalSection
	GlobalSection(ExtensibilityGlobals) = postSolution
		SolutionGuid = {BEAEE282-1054-4415-8CC7-65A029922AB5}
	EndGlobalSection
EndGlobal
